# THIS IS AN AUTOGENERATED FILE. DO NOT EDIT THIS FILE DIRECTLY.
# yarn lockfile v1


"@tanstack/query-core@5.66.4":
  version "5.66.4"
  resolved "https://registry.yarnpkg.com/@tanstack/query-core/-/query-core-5.66.4.tgz#44b87bff289466adbfa0de8daa5756cbd2d61c61"
  integrity sha512-skM/gzNX4shPkqmdTCSoHtJAPMTtmIJNS0hE+xwTTUVYwezArCT34NMermABmBVUg5Ls5aiUXEDXfqwR1oVkcA==

"@tanstack/query-devtools@5.65.0":
  version "5.65.0"
  resolved "https://registry.yarnpkg.com/@tanstack/query-devtools/-/query-devtools-5.65.0.tgz#37da5e911543b4f6d98b9a04369eab0de6044ba1"
  integrity sha512-g5y7zc07U9D3esMdqUfTEVu9kMHoIaVBsD0+M3LPdAdD710RpTcLiNvJY1JkYXqkq9+NV+CQoemVNpQPBXVsJg==

"@tanstack/react-query-devtools@^5.66.9":
  version "5.66.9"
  resolved "https://registry.yarnpkg.com/@tanstack/react-query-devtools/-/react-query-devtools-5.66.9.tgz#5cb69b874682289e5014bcf9b6460a2d35df129f"
  integrity sha512-70G6AR35he53SYUcUK6EdqNR18zejCv1rM6900gjZP408EAex56YLwVSeijzk9lWeU2J42G9Fjh0i1WngUTsgw==
  dependencies:
    "@tanstack/query-devtools" "5.65.0"

"@tanstack/react-query@^5.66.9":
  version "5.66.9"
  resolved "https://registry.yarnpkg.com/@tanstack/react-query/-/react-query-5.66.9.tgz#1c8be303adae59e9cee877490fbb2c23dfa26927"
  integrity sha512-NRI02PHJsP5y2gAuWKP+awamTIBFBSKMnO6UVzi03GTclmHHHInH5UzVgzi5tpu4+FmGfsdT7Umqegobtsp23A==
  dependencies:
    "@tanstack/query-core" "5.66.4"
